// !$*UTF8*$!
{
	archiveVersion = 1;
	classes = {
	};
	objectVersion = 56;
	objects = {

/* Begin PBXBuildFile section */
		031D994529FB097E00082016 /* AppDelegate.swift in Sources */ = {isa = PBXBuildFile; fileRef = 031D994429FB097E00082016 /* AppDelegate.swift */; };
		031D994729FB097E00082016 /* SceneDelegate.swift in Sources */ = {isa = PBXBuildFile; fileRef = 031D994629FB097E00082016 /* SceneDelegate.swift */; };
		031D994C29FB097E00082016 /* Main.storyboard in Resources */ = {isa = PBXBuildFile; fileRef = 031D994A29FB097E00082016 /* Main.storyboard */; };
		031D994E29FB098000082016 /* Assets.xcassets in Resources */ = {isa = PBXBuildFile; fileRef = 031D994D29FB098000082016 /* Assets.xcassets */; };
		031D995129FB098000082016 /* LaunchScreen.storyboard in Resources */ = {isa = PBXBuildFile; fileRef = 031D994F29FB098000082016 /* LaunchScreen.storyboard */; };
		031D995C29FB098000082016 /* OurRecipesTests.swift in Sources */ = {isa = PBXBuildFile; fileRef = 031D995B29FB098000082016 /* OurRecipesTests.swift */; };
		031D996629FB098000082016 /* OurRecipesUITests.swift in Sources */ = {isa = PBXBuildFile; fileRef = 031D996529FB098000082016 /* OurRecipesUITests.swift */; };
		031D996829FB098000082016 /* OurRecipesUITestsLaunchTests.swift in Sources */ = {isa = PBXBuildFile; fileRef = 031D996729FB098000082016 /* OurRecipesUITestsLaunchTests.swift */; };
		031D997829FB09E400082016 /* OurRecipesViewController.swift in Sources */ = {isa = PBXBuildFile; fileRef = 031D997729FB09E400082016 /* OurRecipesViewController.swift */; };
		031D997A29FB0A0B00082016 /* Recipe.swift in Sources */ = {isa = PBXBuildFile; fileRef = 031D997929FB0A0B00082016 /* Recipe.swift */; };
		031D997C29FB0A1D00082016 /* RecipeCell.swift in Sources */ = {isa = PBXBuildFile; fileRef = 031D997B29FB0A1D00082016 /* RecipeCell.swift */; };
		031D997E29FB0A2900082016 /* RecipeCell.xib in Resources */ = {isa = PBXBuildFile; fileRef = 031D997D29FB0A2900082016 /* RecipeCell.xib */; };
		03AE39B62A07F16A00097886 /* DateFormatter+Json.swift in Sources */ = {isa = PBXBuildFile; fileRef = 03AE39B52A07F16A00097886 /* DateFormatter+Json.swift */; };
		03AE39B82A07F51800097886 /* UIImageView+Download.swift in Sources */ = {isa = PBXBuildFile; fileRef = 03AE39B72A07F51800097886 /* UIImageView+Download.swift */; };
		03AE39BD2A0ADC8A00097886 /* RecipeIngredientCell.swift in Sources */ = {isa = PBXBuildFile; fileRef = 03AE39BC2A0ADC8A00097886 /* RecipeIngredientCell.swift */; };
		03AE39BF2A0ADCA700097886 /* RecipeIngredientCell.xib in Resources */ = {isa = PBXBuildFile; fileRef = 03AE39BE2A0ADCA700097886 /* RecipeIngredientCell.xib */; };
		03AE39C12A0ADCE900097886 /* RecipeInstructionCell.swift in Sources */ = {isa = PBXBuildFile; fileRef = 03AE39C02A0ADCE900097886 /* RecipeInstructionCell.swift */; };
		03AE39C32A0ADD2600097886 /* RecipeInstructionCell.xib in Resources */ = {isa = PBXBuildFile; fileRef = 03AE39C22A0ADD2600097886 /* RecipeInstructionCell.xib */; };
		03C612BC2A000D0B00CC6094 /* RecipeDetailViewController.swift in Sources */ = {isa = PBXBuildFile; fileRef = 03C612BB2A000D0A00CC6094 /* RecipeDetailViewController.swift */; };
/* End PBXBuildFile section */

/* Begin PBXContainerItemProxy section */
		031D995829FB098000082016 /* PBXContainerItemProxy */ = {
			isa = PBXContainerItemProxy;
			containerPortal = 031D993929FB097E00082016 /* Project object */;
			proxyType = 1;
			remoteGlobalIDString = 031D994029FB097E00082016;
			remoteInfo = OurRecipes;
		};
		031D996229FB098000082016 /* PBXContainerItemProxy */ = {
			isa = PBXContainerItemProxy;
			containerPortal = 031D993929FB097E00082016 /* Project object */;
			proxyType = 1;
			remoteGlobalIDString = 031D994029FB097E00082016;
			remoteInfo = OurRecipes;
		};
/* End PBXContainerItemProxy section */

/* Begin PBXFileReference section */
		031D994129FB097E00082016 /* OurRecipes.app */ = {isa = PBXFileReference; explicitFileType = wrapper.application; includeInIndex = 0; path = OurRecipes.app; sourceTree = BUILT_PRODUCTS_DIR; };
		031D994429FB097E00082016 /* AppDelegate.swift */ = {isa = PBXFileReference; lastKnownFileType = sourcecode.swift; path = AppDelegate.swift; sourceTree = "<group>"; };
		031D994629FB097E00082016 /* SceneDelegate.swift */ = {isa = PBXFileReference; lastKnownFileType = sourcecode.swift; path = SceneDelegate.swift; sourceTree = "<group>"; };
		031D994B29FB097E00082016 /* Base */ = {isa = PBXFileReference; lastKnownFileType = file.storyboard; name = Base; path = Base.lproj/Main.storyboard; sourceTree = "<group>"; };
		031D994D29FB098000082016 /* Assets.xcassets */ = {isa = PBXFileReference; lastKnownFileType = folder.assetcatalog; path = Assets.xcassets; sourceTree = "<group>"; };
		031D995029FB098000082016 /* Base */ = {isa = PBXFileReference; lastKnownFileType = file.storyboard; name = Base; path = Base.lproj/LaunchScreen.storyboard; sourceTree = "<group>"; };
		031D995229FB098000082016 /* Info.plist */ = {isa = PBXFileReference; lastKnownFileType = text.plist.xml; path = Info.plist; sourceTree = "<group>"; };
		031D995729FB098000082016 /* OurRecipesTests.xctest */ = {isa = PBXFileReference; explicitFileType = wrapper.cfbundle; includeInIndex = 0; path = OurRecipesTests.xctest; sourceTree = BUILT_PRODUCTS_DIR; };
		031D995B29FB098000082016 /* OurRecipesTests.swift */ = {isa = PBXFileReference; lastKnownFileType = sourcecode.swift; path = OurRecipesTests.swift; sourceTree = "<group>"; };
		031D996129FB098000082016 /* OurRecipesUITests.xctest */ = {isa = PBXFileReference; explicitFileType = wrapper.cfbundle; includeInIndex = 0; path = OurRecipesUITests.xctest; sourceTree = BUILT_PRODUCTS_DIR; };
		031D996529FB098000082016 /* OurRecipesUITests.swift */ = {isa = PBXFileReference; lastKnownFileType = sourcecode.swift; path = OurRecipesUITests.swift; sourceTree = "<group>"; };
		031D996729FB098000082016 /* OurRecipesUITestsLaunchTests.swift */ = {isa = PBXFileReference; lastKnownFileType = sourcecode.swift; path = OurRecipesUITestsLaunchTests.swift; sourceTree = "<group>"; };
		031D997729FB09E400082016 /* OurRecipesViewController.swift */ = {isa = PBXFileReference; lastKnownFileType = sourcecode.swift; path = OurRecipesViewController.swift; sourceTree = "<group>"; };
		031D997929FB0A0B00082016 /* Recipe.swift */ = {isa = PBXFileReference; lastKnownFileType = sourcecode.swift; path = Recipe.swift; sourceTree = "<group>"; };
		031D997B29FB0A1D00082016 /* RecipeCell.swift */ = {isa = PBXFileReference; lastKnownFileType = sourcecode.swift; path = RecipeCell.swift; sourceTree = "<group>"; };
		031D997D29FB0A2900082016 /* RecipeCell.xib */ = {isa = PBXFileReference; lastKnownFileType = file.xib; path = RecipeCell.xib; sourceTree = "<group>"; };
		03AE39B52A07F16A00097886 /* DateFormatter+Json.swift */ = {isa = PBXFileReference; lastKnownFileType = sourcecode.swift; path = "DateFormatter+Json.swift"; sourceTree = "<group>"; };
		03AE39B72A07F51800097886 /* UIImageView+Download.swift */ = {isa = PBXFileReference; lastKnownFileType = sourcecode.swift; path = "UIImageView+Download.swift"; sourceTree = "<group>"; };
		03AE39BC2A0ADC8A00097886 /* RecipeIngredientCell.swift */ = {isa = PBXFileReference; lastKnownFileType = sourcecode.swift; path = RecipeIngredientCell.swift; sourceTree = "<group>"; };
		03AE39BE2A0ADCA700097886 /* RecipeIngredientCell.xib */ = {isa = PBXFileReference; lastKnownFileType = file.xib; path = RecipeIngredientCell.xib; sourceTree = "<group>"; };
		03AE39C02A0ADCE900097886 /* RecipeInstructionCell.swift */ = {isa = PBXFileReference; lastKnownFileType = sourcecode.swift; path = RecipeInstructionCell.swift; sourceTree = "<group>"; };
		03AE39C22A0ADD2600097886 /* RecipeInstructionCell.xib */ = {isa = PBXFileReference; lastKnownFileType = file.xib; path = RecipeInstructionCell.xib; sourceTree = "<group>"; };
		03C612BB2A000D0A00CC6094 /* RecipeDetailViewController.swift */ = {isa = PBXFileReference; lastKnownFileType = sourcecode.swift; path = RecipeDetailViewController.swift; sourceTree = "<group>"; };
/* End PBXFileReference section */

/* Begin PBXFrameworksBuildPhase section */
		031D993E29FB097E00082016 /* Frameworks */ = {
			isa = PBXFrameworksBuildPhase;
			buildActionMask = 2147483647;
			files = (
			);
			runOnlyForDeploymentPostprocessing = 0;
		};
		031D995429FB098000082016 /* Frameworks */ = {
			isa = PBXFrameworksBuildPhase;
			buildActionMask = 2147483647;
			files = (
			);
			runOnlyForDeploymentPostprocessing = 0;
		};
		031D995E29FB098000082016 /* Frameworks */ = {
			isa = PBXFrameworksBuildPhase;
			buildActionMask = 2147483647;
			files = (
			);
			runOnlyForDeploymentPostprocessing = 0;
		};
/* End PBXFrameworksBuildPhase section */

/* Begin PBXGroup section */
		031D993829FB097E00082016 = {
			isa = PBXGroup;
			children = (
				031D994329FB097E00082016 /* OurRecipes */,
				031D995A29FB098000082016 /* OurRecipesTests */,
				031D996429FB098000082016 /* OurRecipesUITests */,
				031D994229FB097E00082016 /* Products */,
			);
			sourceTree = "<group>";
		};
		031D994229FB097E00082016 /* Products */ = {
			isa = PBXGroup;
			children = (
				031D994129FB097E00082016 /* OurRecipes.app */,
				031D995729FB098000082016 /* OurRecipesTests.xctest */,
				031D996129FB098000082016 /* OurRecipesUITests.xctest */,
			);
			name = Products;
			sourceTree = "<group>";
		};
		031D994329FB097E00082016 /* OurRecipes */ = {
			isa = PBXGroup;
			children = (
				03AE39B42A07F14700097886 /* Extensions */,
				031D997429FB099F00082016 /* Model */,
				031D997529FB09A600082016 /* RecipeCell */,
				031D997629FB09AF00082016 /* View */,
				031D994429FB097E00082016 /* AppDelegate.swift */,
				031D994629FB097E00082016 /* SceneDelegate.swift */,
				031D994D29FB098000082016 /* Assets.xcassets */,
				031D994F29FB098000082016 /* LaunchScreen.storyboard */,
				031D995229FB098000082016 /* Info.plist */,
			);
			path = OurRecipes;
			sourceTree = "<group>";
		};
		031D995A29FB098000082016 /* OurRecipesTests */ = {
			isa = PBXGroup;
			children = (
				031D995B29FB098000082016 /* OurRecipesTests.swift */,
			);
			path = OurRecipesTests;
			sourceTree = "<group>";
		};
		031D996429FB098000082016 /* OurRecipesUITests */ = {
			isa = PBXGroup;
			children = (
				031D996529FB098000082016 /* OurRecipesUITests.swift */,
				031D996729FB098000082016 /* OurRecipesUITestsLaunchTests.swift */,
			);
			path = OurRecipesUITests;
			sourceTree = "<group>";
		};
		031D997429FB099F00082016 /* Model */ = {
			isa = PBXGroup;
			children = (
				031D997929FB0A0B00082016 /* Recipe.swift */,
			);
			path = Model;
			sourceTree = "<group>";
		};
		031D997529FB09A600082016 /* RecipeCell */ = {
			isa = PBXGroup;
			children = (
				031D997B29FB0A1D00082016 /* RecipeCell.swift */,
				031D997D29FB0A2900082016 /* RecipeCell.xib */,
			);
			path = RecipeCell;
			sourceTree = "<group>";
		};
		031D997629FB09AF00082016 /* View */ = {
			isa = PBXGroup;
			children = (
				031D994A29FB097E00082016 /* Main.storyboard */,
				03AE39B92A0ADB2300097886 /* OurRecipesList */,
				03AE39BA2A0ADB4700097886 /* OurRecipesDetail */,
			);
			path = View;
			sourceTree = "<group>";
		};
		03AE39B42A07F14700097886 /* Extensions */ = {
			isa = PBXGroup;
			children = (
				03AE39B52A07F16A00097886 /* DateFormatter+Json.swift */,
				03AE39B72A07F51800097886 /* UIImageView+Download.swift */,
			);
			path = Extensions;
			sourceTree = "<group>";
		};
		03AE39B92A0ADB2300097886 /* OurRecipesList */ = {
			isa = PBXGroup;
			children = (
				031D997729FB09E400082016 /* OurRecipesViewController.swift */,
			);
			path = OurRecipesList;
			sourceTree = "<group>";
		};
		03AE39BA2A0ADB4700097886 /* OurRecipesDetail */ = {
			isa = PBXGroup;
			children = (
				03AE39BB2A0ADB8100097886 /* OurRecipeDetailCells */,
				03C612BB2A000D0A00CC6094 /* RecipeDetailViewController.swift */,
			);
			path = OurRecipesDetail;
			sourceTree = "<group>";
		};
		03AE39BB2A0ADB8100097886 /* OurRecipeDetailCells */ = {
			isa = PBXGroup;
			children = (
				03AE39BC2A0ADC8A00097886 /* RecipeIngredientCell.swift */,
				03AE39BE2A0ADCA700097886 /* RecipeIngredientCell.xib */,
				03AE39C02A0ADCE900097886 /* RecipeInstructionCell.swift */,
				03AE39C22A0ADD2600097886 /* RecipeInstructionCell.xib */,
			);
			path = OurRecipeDetailCells;
			sourceTree = "<group>";
		};
/* End PBXGroup section */

/* Begin PBXNativeTarget section */
		031D994029FB097E00082016 /* OurRecipes */ = {
			isa = PBXNativeTarget;
			buildConfigurationList = 031D996B29FB098000082016 /* Build configuration list for PBXNativeTarget "OurRecipes" */;
			buildPhases = (
				031D993D29FB097E00082016 /* Sources */,
				031D993E29FB097E00082016 /* Frameworks */,
				031D993F29FB097E00082016 /* Resources */,
			);
			buildRules = (
			);
			dependencies = (
			);
			name = OurRecipes;
			productName = OurRecipes;
			productReference = 031D994129FB097E00082016 /* OurRecipes.app */;
			productType = "com.apple.product-type.application";
		};
		031D995629FB098000082016 /* OurRecipesTests */ = {
			isa = PBXNativeTarget;
			buildConfigurationList = 031D996E29FB098000082016 /* Build configuration list for PBXNativeTarget "OurRecipesTests" */;
			buildPhases = (
				031D995329FB098000082016 /* Sources */,
				031D995429FB098000082016 /* Frameworks */,
				031D995529FB098000082016 /* Resources */,
			);
			buildRules = (
			);
			dependencies = (
				031D995929FB098000082016 /* PBXTargetDependency */,
			);
			name = OurRecipesTests;
			productName = OurRecipesTests;
			productReference = 031D995729FB098000082016 /* OurRecipesTests.xctest */;
			productType = "com.apple.product-type.bundle.unit-test";
		};
		031D996029FB098000082016 /* OurRecipesUITests */ = {
			isa = PBXNativeTarget;
			buildConfigurationList = 031D997129FB098000082016 /* Build configuration list for PBXNativeTarget "OurRecipesUITests" */;
			buildPhases = (
				031D995D29FB098000082016 /* Sources */,
				031D995E29FB098000082016 /* Frameworks */,
				031D995F29FB098000082016 /* Resources */,
			);
			buildRules = (
			);
			dependencies = (
				031D996329FB098000082016 /* PBXTargetDependency */,
			);
			name = OurRecipesUITests;
			productName = OurRecipesUITests;
			productReference = 031D996129FB098000082016 /* OurRecipesUITests.xctest */;
			productType = "com.apple.product-type.bundle.ui-testing";
		};
/* End PBXNativeTarget section */

/* Begin PBXProject section */
		031D993929FB097E00082016 /* Project object */ = {
			isa = PBXProject;
			attributes = {
				BuildIndependentTargetsInParallel = 1;
				LastSwiftUpdateCheck = 1430;
				LastUpgradeCheck = 1430;
				TargetAttributes = {
					031D994029FB097E00082016 = {
						CreatedOnToolsVersion = 14.3;
					};
					031D995629FB098000082016 = {
						CreatedOnToolsVersion = 14.3;
						TestTargetID = 031D994029FB097E00082016;
					};
					031D996029FB098000082016 = {
						CreatedOnToolsVersion = 14.3;
						TestTargetID = 031D994029FB097E00082016;
					};
				};
			};
			buildConfigurationList = 031D993C29FB097E00082016 /* Build configuration list for PBXProject "OurRecipes" */;
			compatibilityVersion = "Xcode 14.0";
			developmentRegion = en;
			hasScannedForEncodings = 0;
			knownRegions = (
				en,
				Base,
			);
			mainGroup = 031D993829FB097E00082016;
			productRefGroup = 031D994229FB097E00082016 /* Products */;
			projectDirPath = "";
			projectRoot = "";
			targets = (
				031D994029FB097E00082016 /* OurRecipes */,
				031D995629FB098000082016 /* OurRecipesTests */,
				031D996029FB098000082016 /* OurRecipesUITests */,
			);
		};
/* End PBXProject section */

/* Begin PBXResourcesBuildPhase section */
		031D993F29FB097E00082016 /* Resources */ = {
			isa = PBXResourcesBuildPhase;
			buildActionMask = 2147483647;
			files = (
				031D995129FB098000082016 /* LaunchScreen.storyboard in Resources */,
				031D994E29FB098000082016 /* Assets.xcassets in Resources */,
				03AE39BF2A0ADCA700097886 /* RecipeIngredientCell.xib in Resources */,
				031D994C29FB097E00082016 /* Main.storyboard in Resources */,
				03AE39C32A0ADD2600097886 /* RecipeInstructionCell.xib in Resources */,
				031D997E29FB0A2900082016 /* RecipeCell.xib in Resources */,
			);
			runOnlyForDeploymentPostprocessing = 0;
		};
		031D995529FB098000082016 /* Resources */ = {
			isa = PBXResourcesBuildPhase;
			buildActionMask = 2147483647;
			files = (
			);
			runOnlyForDeploymentPostprocessing = 0;
		};
		031D995F29FB098000082016 /* Resources */ = {
			isa = PBXResourcesBuildPhase;
			buildActionMask = 2147483647;
			files = (
			);
			runOnlyForDeploymentPostprocessing = 0;
		};
/* End PBXResourcesBuildPhase section */

/* Begin PBXSourcesBuildPhase section */
		031D993D29FB097E00082016 /* Sources */ = {
			isa = PBXSourcesBuildPhase;
			buildActionMask = 2147483647;
			files = (
				03AE39C12A0ADCE900097886 /* RecipeInstructionCell.swift in Sources */,
				03AE39BD2A0ADC8A00097886 /* RecipeIngredientCell.swift in Sources */,
				031D997C29FB0A1D00082016 /* RecipeCell.swift in Sources */,
				031D997829FB09E400082016 /* OurRecipesViewController.swift in Sources */,
				031D994529FB097E00082016 /* AppDelegate.swift in Sources */,
				031D994729FB097E00082016 /* SceneDelegate.swift in Sources */,
				03AE39B82A07F51800097886 /* UIImageView+Download.swift in Sources */,
				03C612BC2A000D0B00CC6094 /* RecipeDetailViewController.swift in Sources */,
				031D997A29FB0A0B00082016 /* Recipe.swift in Sources */,
				03AE39B62A07F16A00097886 /* DateFormatter+Json.swift in Sources */,
			);
			runOnlyForDeploymentPostprocessing = 0;
		};
		031D995329FB098000082016 /* Sources */ = {
			isa = PBXSourcesBuildPhase;
			buildActionMask = 2147483647;
			files = (
				031D995C29FB098000082016 /* OurRecipesTests.swift in Sources */,
			);
			runOnlyForDeploymentPostprocessing = 0;
		};
		031D995D29FB098000082016 /* Sources */ = {
			isa = PBXSourcesBuildPhase;
			buildActionMask = 2147483647;
			files = (
				031D996629FB098000082016 /* OurRecipesUITests.swift in Sources */,
				031D996829FB098000082016 /* OurRecipesUITestsLaunchTests.swift in Sources */,
			);
			runOnlyForDeploymentPostprocessing = 0;
		};
/* End PBXSourcesBuildPhase section */

/* Begin PBXTargetDependency section */
		031D995929FB098000082016 /* PBXTargetDependency */ = {
			isa = PBXTargetDependency;
			target = 031D994029FB097E00082016 /* OurRecipes */;
			targetProxy = 031D995829FB098000082016 /* PBXContainerItemProxy */;
		};
		031D996329FB098000082016 /* PBXTargetDependency */ = {
			isa = PBXTargetDependency;
			target = 031D994029FB097E00082016 /* OurRecipes */;
			targetProxy = 031D996229FB098000082016 /* PBXContainerItemProxy */;
		};
/* End PBXTargetDependency section */

/* Begin PBXVariantGroup section */
		031D994A29FB097E00082016 /* Main.storyboard */ = {
			isa = PBXVariantGroup;
			children = (
				031D994B29FB097E00082016 /* Base */,
			);
			name = Main.storyboard;
			sourceTree = "<group>";
		};
		031D994F29FB098000082016 /* LaunchScreen.storyboard */ = {
			isa = PBXVariantGroup;
			children = (
				031D995029FB098000082016 /* Base */,
			);
			name = LaunchScreen.storyboard;
			sourceTree = "<group>";
		};
/* End PBXVariantGroup section */

/* Begin XCBuildConfiguration section */
		031D996929FB098000082016 /* Debug */ = {
			isa = XCBuildConfiguration;
			buildSettings = {
				ALWAYS_SEARCH_USER_PATHS = NO;
				CLANG_ANALYZER_NONNULL = YES;
				CLANG_ANALYZER_NUMBER_OBJECT_CONVERSION = YES_AGGRESSIVE;
				CLANG_CXX_LANGUAGE_STANDARD = "gnu++20";
				CLANG_ENABLE_MODULES = YES;
				CLANG_ENABLE_OBJC_ARC = YES;
				CLANG_ENABLE_OBJC_WEAK = YES;
				CLANG_WARN_BLOCK_CAPTURE_AUTORELEASING = YES;
				CLANG_WARN_BOOL_CONVERSION = YES;
				CLANG_WARN_COMMA = YES;
				CLANG_WARN_CONSTANT_CONVERSION = YES;
				CLANG_WARN_DEPRECATED_OBJC_IMPLEMENTATIONS = YES;
				CLANG_WARN_DIRECT_OBJC_ISA_USAGE = YES_ERROR;
				CLANG_WARN_DOCUMENTATION_COMMENTS = YES;
				CLANG_WARN_EMPTY_BODY = YES;
				CLANG_WARN_ENUM_CONVERSION = YES;
				CLANG_WARN_INFINITE_RECURSION = YES;
				CLANG_WARN_INT_CONVERSION = YES;
				CLANG_WARN_NON_LITERAL_NULL_CONVERSION = YES;
				CLANG_WARN_OBJC_IMPLICIT_RETAIN_SELF = YES;
				CLANG_WARN_OBJC_LITERAL_CONVERSION = YES;
				CLANG_WARN_OBJC_ROOT_CLASS = YES_ERROR;
				CLANG_WARN_QUOTED_INCLUDE_IN_FRAMEWORK_HEADER = YES;
				CLANG_WARN_RANGE_LOOP_ANALYSIS = YES;
				CLANG_WARN_STRICT_PROTOTYPES = YES;
				CLANG_WARN_SUSPICIOUS_MOVE = YES;
				CLANG_WARN_UNGUARDED_AVAILABILITY = YES_AGGRESSIVE;
				CLANG_WARN_UNREACHABLE_CODE = YES;
				CLANG_WARN__DUPLICATE_METHOD_MATCH = YES;
				COPY_PHASE_STRIP = NO;
				DEBUG_INFORMATION_FORMAT = dwarf;
				ENABLE_STRICT_OBJC_MSGSEND = YES;
				ENABLE_TESTABILITY = YES;
				GCC_C_LANGUAGE_STANDARD = gnu11;
				GCC_DYNAMIC_NO_PIC = NO;
				GCC_NO_COMMON_BLOCKS = YES;
				GCC_OPTIMIZATION_LEVEL = 0;
				GCC_PREPROCESSOR_DEFINITIONS = (
					"DEBUG=1",
					"$(inherited)",
				);
				GCC_WARN_64_TO_32_BIT_CONVERSION = YES;
				GCC_WARN_ABOUT_RETURN_TYPE = YES_ERROR;
				GCC_WARN_UNDECLARED_SELECTOR = YES;
				GCC_WARN_UNINITIALIZED_AUTOS = YES_AGGRESSIVE;
				GCC_WARN_UNUSED_FUNCTION = YES;
				GCC_WARN_UNUSED_VARIABLE = YES;
				IPHONEOS_DEPLOYMENT_TARGET = 16.4;
				MTL_ENABLE_DEBUG_INFO = INCLUDE_SOURCE;
				MTL_FAST_MATH = YES;
				ONLY_ACTIVE_ARCH = YES;
				SDKROOT = iphoneos;
				SWIFT_ACTIVE_COMPILATION_CONDITIONS = DEBUG;
				SWIFT_OPTIMIZATION_LEVEL = "-Onone";
			};
			name = Debug;
		};
		031D996A29FB098000082016 /* Release */ = {
			isa = XCBuildConfiguration;
			buildSettings = {
				ALWAYS_SEARCH_USER_PATHS = NO;
				CLANG_ANALYZER_NONNULL = YES;
				CLANG_ANALYZER_NUMBER_OBJECT_CONVERSION = YES_AGGRESSIVE;
				CLANG_CXX_LANGUAGE_STANDARD = "gnu++20";
				CLANG_ENABLE_MODULES = YES;
				CLANG_ENABLE_OBJC_ARC = YES;
				CLANG_ENABLE_OBJC_WEAK = YES;
				CLANG_WARN_BLOCK_CAPTURE_AUTORELEASING = YES;
				CLANG_WARN_BOOL_CONVERSION = YES;
				CLANG_WARN_COMMA = YES;
				CLANG_WARN_CONSTANT_CONVERSION = YES;
				CLANG_WARN_DEPRECATED_OBJC_IMPLEMENTATIONS = YES;
				CLANG_WARN_DIRECT_OBJC_ISA_USAGE = YES_ERROR;
				CLANG_WARN_DOCUMENTATION_COMMENTS = YES;
				CLANG_WARN_EMPTY_BODY = YES;
				CLANG_WARN_ENUM_CONVERSION = YES;
				CLANG_WARN_INFINITE_RECURSION = YES;
				CLANG_WARN_INT_CONVERSION = YES;
				CLANG_WARN_NON_LITERAL_NULL_CONVERSION = YES;
				CLANG_WARN_OBJC_IMPLICIT_RETAIN_SELF = YES;
				CLANG_WARN_OBJC_LITERAL_CONVERSION = YES;
				CLANG_WARN_OBJC_ROOT_CLASS = YES_ERROR;
				CLANG_WARN_QUOTED_INCLUDE_IN_FRAMEWORK_HEADER = YES;
				CLANG_WARN_RANGE_LOOP_ANALYSIS = YES;
				CLANG_WARN_STRICT_PROTOTYPES = YES;
				CLANG_WARN_SUSPICIOUS_MOVE = YES;
				CLANG_WARN_UNGUARDED_AVAILABILITY = YES_AGGRESSIVE;
				CLANG_WARN_UNREACHABLE_CODE = YES;
				CLANG_WARN__DUPLICATE_METHOD_MATCH = YES;
				COPY_PHASE_STRIP = NO;
				DEBUG_INFORMATION_FORMAT = "dwarf-with-dsym";
				ENABLE_NS_ASSERTIONS = NO;
				ENABLE_STRICT_OBJC_MSGSEND = YES;
				GCC_C_LANGUAGE_STANDARD = gnu11;
				GCC_NO_COMMON_BLOCKS = YES;
				GCC_WARN_64_TO_32_BIT_CONVERSION = YES;
				GCC_WARN_ABOUT_RETURN_TYPE = YES_ERROR;
				GCC_WARN_UNDECLARED_SELECTOR = YES;
				GCC_WARN_UNINITIALIZED_AUTOS = YES_AGGRESSIVE;
				GCC_WARN_UNUSED_FUNCTION = YES;
				GCC_WARN_UNUSED_VARIABLE = YES;
				IPHONEOS_DEPLOYMENT_TARGET = 16.4;
				MTL_ENABLE_DEBUG_INFO = NO;
				MTL_FAST_MATH = YES;
				SDKROOT = iphoneos;
				SWIFT_COMPILATION_MODE = wholemodule;
				SWIFT_OPTIMIZATION_LEVEL = "-O";
				VALIDATE_PRODUCT = YES;
			};
			name = Release;
		};
		031D996C29FB098000082016 /* Debug */ = {
			isa = XCBuildConfiguration;
			buildSettings = {
				ASSETCATALOG_COMPILER_APPICON_NAME = AppIcon;
				ASSETCATALOG_COMPILER_GLOBAL_ACCENT_COLOR_NAME = AccentColor;
				CODE_SIGN_STYLE = Automatic;
				CURRENT_PROJECT_VERSION = 1;
				DEVELOPMENT_TEAM = 68W4AKL2MS;
				GENERATE_INFOPLIST_FILE = YES;
				INFOPLIST_FILE = OurRecipes/Info.plist;
				INFOPLIST_KEY_UIApplicationSupportsIndirectInputEvents = YES;
				INFOPLIST_KEY_UILaunchStoryboardName = LaunchScreen;
				INFOPLIST_KEY_UIMainStoryboardFile = Main;
				INFOPLIST_KEY_UISupportedInterfaceOrientations_iPad = "UIInterfaceOrientationPortrait UIInterfaceOrientationPortraitUpsideDown UIInterfaceOrientationLandscapeLeft UIInterfaceOrientationLandscapeRight";
				INFOPLIST_KEY_UISupportedInterfaceOrientations_iPhone = "UIInterfaceOrientationPortrait UIInterfaceOrientationLandscapeLeft UIInterfaceOrientationLandscapeRight";
				LD_RUNPATH_SEARCH_PATHS = (
					"$(inherited)",
					"@executable_path/Frameworks",
				);
				MARKETING_VERSION = 1.0;
				PRODUCT_BUNDLE_IDENTIFIER = com.vanluhurla.OurRecipes;
				PRODUCT_NAME = "$(TARGET_NAME)";
				SWIFT_EMIT_LOC_STRINGS = YES;
				SWIFT_VERSION = 5.0;
				TARGETED_DEVICE_FAMILY = "1,2";
			};
			name = Debug;
		};
		031D996D29FB098000082016 /* Release */ = {
			isa = XCBuildConfiguration;
			buildSettings = {
				ASSETCATALOG_COMPILER_APPICON_NAME = AppIcon;
				ASSETCATALOG_COMPILER_GLOBAL_ACCENT_COLOR_NAME = AccentColor;
				CODE_SIGN_STYLE = Automatic;
				CURRENT_PROJECT_VERSION = 1;
				DEVELOPMENT_TEAM = 68W4AKL2MS;
				GENERATE_INFOPLIST_FILE = YES;
				INFOPLIST_FILE = OurRecipes/Info.plist;
				INFOPLIST_KEY_UIApplicationSupportsIndirectInputEvents = YES;
				INFOPLIST_KEY_UILaunchStoryboardName = LaunchScreen;
				INFOPLIST_KEY_UIMainStoryboardFile = Main;
				INFOPLIST_KEY_UISupportedInterfaceOrientations_iPad = "UIInterfaceOrientationPortrait UIInterfaceOrientationPortraitUpsideDown UIInterfaceOrientationLandscapeLeft UIInterfaceOrientationLandscapeRight";
				INFOPLIST_KEY_UISupportedInterfaceOrientations_iPhone = "UIInterfaceOrientationPortrait UIInterfaceOrientationLandscapeLeft UIInterfaceOrientationLandscapeRight";
				LD_RUNPATH_SEARCH_PATHS = (
					"$(inherited)",
					"@executable_path/Frameworks",
				);
				MARKETING_VERSION = 1.0;
				PRODUCT_BUNDLE_IDENTIFIER = com.vanluhurla.OurRecipes;
				PRODUCT_NAME = "$(TARGET_NAME)";
				SWIFT_EMIT_LOC_STRINGS = YES;
				SWIFT_VERSION = 5.0;
				TARGETED_DEVICE_FAMILY = "1,2";
			};
			name = Release;
		};
		031D996F29FB098000082016 /* Debug */ = {
			isa = XCBuildConfiguration;
			buildSettings = {
				ALWAYS_EMBED_SWIFT_STANDARD_LIBRARIES = YES;
				BUNDLE_LOADER = "$(TEST_HOST)";
				CODE_SIGN_STYLE = Automatic;
				CURRENT_PROJECT_VERSION = 1;
				DEVELOPMENT_TEAM = 68W4AKL2MS;
				GENERATE_INFOPLIST_FILE = YES;
				IPHONEOS_DEPLOYMENT_TARGET = 16.4;
				MARKETING_VERSION = 1.0;
				PRODUCT_BUNDLE_IDENTIFIER = com.vanluhurla.OurRecipesTests;
				PRODUCT_NAME = "$(TARGET_NAME)";
				SWIFT_EMIT_LOC_STRINGS = NO;
				SWIFT_VERSION = 5.0;
				TARGETED_DEVICE_FAMILY = "1,2";
				TEST_HOST = "$(BUILT_PRODUCTS_DIR)/OurRecipes.app/$(BUNDLE_EXECUTABLE_FOLDER_PATH)/OurRecipes";
			};
			name = Debug;
		};
		031D997029FB098000082016 /* Release */ = {
			isa = XCBuildConfiguration;
			buildSettings = {
				ALWAYS_EMBED_SWIFT_STANDARD_LIBRARIES = YES;
				BUNDLE_LOADER = "$(TEST_HOST)";
				CODE_SIGN_STYLE = Automatic;
				CURRENT_PROJECT_VERSION = 1;
				DEVELOPMENT_TEAM = 68W4AKL2MS;
				GENERATE_INFOPLIST_FILE = YES;
				IPHONEOS_DEPLOYMENT_TARGET = 16.4;
				MARKETING_VERSION = 1.0;
				PRODUCT_BUNDLE_IDENTIFIER = com.vanluhurla.OurRecipesTests;
				PRODUCT_NAME = "$(TARGET_NAME)";
				SWIFT_EMIT_LOC_STRINGS = NO;
				SWIFT_VERSION = 5.0;
				TARGETED_DEVICE_FAMILY = "1,2";
				TEST_HOST = "$(BUILT_PRODUCTS_DIR)/OurRecipes.app/$(BUNDLE_EXECUTABLE_FOLDER_PATH)/OurRecipes";
			};
			name = Release;
		};
		031D997229FB098000082016 /* Debug */ = {
			isa = XCBuildConfiguration;
			buildSettings = {
				ALWAYS_EMBED_SWIFT_STANDARD_LIBRARIES = YES;
				CODE_SIGN_STYLE = Automatic;
				CURRENT_PROJECT_VERSION = 1;
				DEVELOPMENT_TEAM = 68W4AKL2MS;
				GENERATE_INFOPLIST_FILE = YES;
				MARKETING_VERSION = 1.0;
				PRODUCT_BUNDLE_IDENTIFIER = com.vanluhurla.OurRecipesUITests;
				PRODUCT_NAME = "$(TARGET_NAME)";
				SWIFT_EMIT_LOC_STRINGS = NO;
				SWIFT_VERSION = 5.0;
				TARGETED_DEVICE_FAMILY = "1,2";
				TEST_TARGET_NAME = OurRecipes;
			};
			name = Debug;
		};
		031D997329FB098000082016 /* Release */ = {
			isa = XCBuildConfiguration;
			buildSettings = {
				ALWAYS_EMBED_SWIFT_STANDARD_LIBRARIES = YES;
				CODE_SIGN_STYLE = Automatic;
				CURRENT_PROJECT_VERSION = 1;
				DEVELOPMENT_TEAM = 68W4AKL2MS;
				GENERATE_INFOPLIST_FILE = YES;
				MARKETING_VERSION = 1.0;
				PRODUCT_BUNDLE_IDENTIFIER = com.vanluhurla.OurRecipesUITests;
				PRODUCT_NAME = "$(TARGET_NAME)";
				SWIFT_EMIT_LOC_STRINGS = NO;
				SWIFT_VERSION = 5.0;
				TARGETED_DEVICE_FAMILY = "1,2";
				TEST_TARGET_NAME = OurRecipes;
			};
			name = Release;
		};
/* End XCBuildConfiguration section */

/* Begin XCConfigurationList section */
		031D993C29FB097E00082016 /* Build configuration list for PBXProject "OurRecipes" */ = {
			isa = XCConfigurationList;
			buildConfigurations = (
				031D996929FB098000082016 /* Debug */,
				031D996A29FB098000082016 /* Release */,
			);
			defaultConfigurationIsVisible = 0;
			defaultConfigurationName = Release;
		};
		031D996B29FB098000082016 /* Build configuration list for PBXNativeTarget "OurRecipes" */ = {
			isa = XCConfigurationList;
			buildConfigurations = (
				031D996C29FB098000082016 /* Debug */,
				031D996D29FB098000082016 /* Release */,
			);
			defaultConfigurationIsVisible = 0;
			defaultConfigurationName = Release;
		};
		031D996E29FB098000082016 /* Build configuration list for PBXNativeTarget "OurRecipesTests" */ = {
			isa = XCConfigurationList;
			buildConfigurations = (
				031D996F29FB098000082016 /* Debug */,
				031D997029FB098000082016 /* Release */,
			);
			defaultConfigurationIsVisible = 0;
			defaultConfigurationName = Release;
		};
		031D997129FB098000082016 /* Build configuration list for PBXNativeTarget "OurRecipesUITests" */ = {
			isa = XCConfigurationList;
			buildConfigurations = (
				031D997229FB098000082016 /* Debug */,
				031D997329FB098000082016 /* Release */,
			);
			defaultConfigurationIsVisible = 0;
			defaultConfigurationName = Release;
		};
/* End XCConfigurationList section */
	};
	rootObject = 031D993929FB097E00082016 /* Project object */;
}
